
Microsoft Visual Studio Solution File, Format Version 12.00
# Visual Studio Version 17
VisualStudioVersion = 17.14.36109.1 d17.14
MinimumVisualStudioVersion = 10.0.40219.1
Project("{8BC9CEB8-8B4A-11D0-8D11-00A0C91BC942}") = "porcentajes-hombres y mujeres", "porcentajes-hombres y mujeres.vcxproj", "{4C3EC3DD-28C1-4F4E-9905-44E7A6BEF48C}"
EndProject
Global
	GlobalSection(SolutionConfigurationPlatforms) = preSolution
		Debug|x64 = Debug|x64
		Debug|x86 = Debug|x86
		Release|x64 = Release|x64
		Release|x86 = Release|x86
	EndGlobalSection
	GlobalSection(ProjectConfigurationPlatforms) = postSolution
		{4C3EC3DD-28C1-4F4E-9905-44E7A6BEF48C}.Debug|x64.ActiveCfg = Debug|x64
		{4C3EC3DD-28C1-4F4E-9905-44E7A6BEF48C}.Debug|x64.Build.0 = Debug|x64
		{4C3EC3DD-28C1-4F4E-9905-44E7A6BEF48C}.Debug|x86.ActiveCfg = Debug|Win32
		{4C3EC3DD-28C1-4F4E-9905-44E7A6BEF48C}.Debug|x86.Build.0 = Debug|Win32
		{4C3EC3DD-28C1-4F4E-9905-44E7A6BEF48C}.Release|x64.ActiveCfg = Release|x64
		{4C3EC3DD-28C1-4F4E-9905-44E7A6BEF48C}.Release|x64.Build.0 = Release|x64
		{4C3EC3DD-28C1-4F4E-9905-44E7A6BEF48C}.Release|x86.ActiveCfg = Release|Win32
		{4C3EC3DD-28C1-4F4E-9905-44E7A6BEF48C}.Release|x86.Build.0 = Release|Win32
	EndGlobalSection
	GlobalSection(SolutionProperties) = preSolution
		HideSolutionNode = FALSE
	EndGlobalSection
	GlobalSection(ExtensibilityGlobals) = postSolution
		SolutionGuid = {95335CB2-D9F4-45EB-84AA-7EE2BFB1B50A}
	EndGlobalSection
EndGlobal
